
Microsoft Visual Studio Solution File, Format Version 12.00
# Visual Studio Version 17
VisualStudioVersion = 17.14.36121.58 d17.14
MinimumVisualStudioVersion = 10.0.40219.1
Project("{FAE04EC0-301F-11D3-BF4B-00C04F79EFBC}") = "Dev-Grow", "Dev-Grow\Dev-Grow.csproj", "{20DE7A54-C0F5-42DD-A321-EF3E5C8373EE}"
EndProject
Global
	GlobalSection(SolutionConfigurationPlatforms) = preSolution
		Debug|Any CPU = Debug|Any CPU
		Release|Any CPU = Release|Any CPU
	EndGlobalSection
	GlobalSection(ProjectConfigurationPlatforms) = postSolution
		{20DE7A54-C0F5-42DD-A321-EF3E5C8373EE}.Debug|Any CPU.ActiveCfg = Debug|Any CPU
		{20DE7A54-C0F5-42DD-A321-EF3E5C8373EE}.Debug|Any CPU.Build.0 = Debug|Any CPU
		{20DE7A54-C0F5-42DD-A321-EF3E5C8373EE}.Release|Any CPU.ActiveCfg = Release|Any CPU
		{20DE7A54-C0F5-42DD-A321-EF3E5C8373EE}.Release|Any CPU.Build.0 = Release|Any CPU
	EndGlobalSection
	GlobalSection(SolutionProperties) = preSolution
		HideSolutionNode = FALSE
	EndGlobalSection
	GlobalSection(ExtensibilityGlobals) = postSolution
		SolutionGuid = {20F43B3A-E289-4B47-B125-4F1611DD6410}
	EndGlobalSection
EndGlobal
